"@netlify/dev-utils@npm:4.2.0":
  version: 4.2.0
  resolution: "@netlify/dev-utils@npm:4.2.0"
  dependencies:
    "@whatwg-node/server": "npm:^0.10.0"
    ansis: "npm:^4.1.0"
    chokidar: "npm:^4.0.1"
    decache: "npm:^4.6.2"
    dettle: "npm:^1.0.5"
    dot-prop: "npm:9.0.0"
    empathic: "npm:^2.0.0"
    env-paths: "npm:^3.0.0"
    image-size: "npm:^2.0.2"
    js-image-generator: "npm:^1.0.4"
    parse-gitignore: "npm:^2.0.0"
    semver: "npm:^7.7.2"
    tmp-promise: "npm:^3.0.3"
    uuid: "npm:^11.1.0"
    write-file-atomic: "npm:^5.0.1"
  checksum: 10c0/dd6ed8bbbc38dc881e4be67cafe3392fab51302e6917a3e2ad01c4eb7b963eed8abdcc1b2d23d411518ebcc2701dba1bab231d8da141d2efcf78fb7496513f12
  languageName: node
  linkType: hard

"@netlify/edge-functions@npm:2.18.2":
  version: 2.18.2
  resolution: "@netlify/edge-functions@npm:2.18.2"
    "@netlify/dev-utils": "npm:4.2.0"
    "@netlify/edge-bundler": "npm:^14.5.2"
    "@netlify/edge-functions-bootstrap": "npm:2.16.0"
    "@netlify/runtime-utils": "npm:2.1.0"
    "@netlify/types": "npm:2.0.3"
    get-port: "npm:^7.1.0"
  checksum: 10c0/20ab99f66b9a9b636119a72ef7c861c94f4e5e3b043d45397db39d5530ee51326b4bb581771eb5c4f750e1307db0bb3b374d2e9023c09e776a6051147818c335
"@netlify/types@npm:2.0.3":
  version: 2.0.3
  resolution: "@netlify/types@npm:2.0.3"
  checksum: 10c0/4cc15f313dcf6790fd38f782b8ea7fa2b69e18525ffdf228234c07928bf94984c60feb11bcfde21be5f29bac0b8ac091a199c8bb8e58517a4a69a58b1e2b8243
  languageName: node
  linkType: hard

