    lightningcss: "npm:^1.30.2"
    node-gyp: "npm:^11.5.0"
"lightningcss-android-arm64@npm:1.30.2":
  version: 1.30.2
  resolution: "lightningcss-android-arm64@npm:1.30.2"
  conditions: os=android & cpu=arm64
  languageName: node
  linkType: hard

"lightningcss-darwin-arm64@npm:1.30.2":
  version: 1.30.2
  resolution: "lightningcss-darwin-arm64@npm:1.30.2"
  conditions: os=darwin & cpu=arm64
  languageName: node
  linkType: hard

"lightningcss-darwin-x64@npm:1.30.2":
  version: 1.30.2
  resolution: "lightningcss-darwin-x64@npm:1.30.2"
  conditions: os=darwin & cpu=x64
  languageName: node
  linkType: hard

"lightningcss-freebsd-x64@npm:1.30.2":
  version: 1.30.2
  resolution: "lightningcss-freebsd-x64@npm:1.30.2"
  conditions: os=freebsd & cpu=x64
  languageName: node
  linkType: hard

"lightningcss-linux-arm-gnueabihf@npm:1.30.2":
  version: 1.30.2
  resolution: "lightningcss-linux-arm-gnueabihf@npm:1.30.2"
  conditions: os=linux & cpu=arm
  languageName: node
  linkType: hard

"lightningcss-linux-arm64-gnu@npm:1.30.2":
  version: 1.30.2
  resolution: "lightningcss-linux-arm64-gnu@npm:1.30.2"
  conditions: os=linux & cpu=arm64 & libc=glibc
  languageName: node
  linkType: hard

"lightningcss-linux-arm64-musl@npm:1.30.2":
  version: 1.30.2
  resolution: "lightningcss-linux-arm64-musl@npm:1.30.2"
  conditions: os=linux & cpu=arm64 & libc=musl
  languageName: node
  linkType: hard

"lightningcss-linux-x64-gnu@npm:1.30.2":
  version: 1.30.2
  resolution: "lightningcss-linux-x64-gnu@npm:1.30.2"
  conditions: os=linux & cpu=x64 & libc=glibc
  languageName: node
  linkType: hard

"lightningcss-linux-x64-musl@npm:1.30.2":
  version: 1.30.2
  resolution: "lightningcss-linux-x64-musl@npm:1.30.2"
  conditions: os=linux & cpu=x64 & libc=musl
  languageName: node
  linkType: hard

"lightningcss-win32-arm64-msvc@npm:1.30.2":
  version: 1.30.2
  resolution: "lightningcss-win32-arm64-msvc@npm:1.30.2"
  conditions: os=win32 & cpu=arm64
  languageName: node
  linkType: hard

"lightningcss-win32-x64-msvc@npm:1.30.2":
  version: 1.30.2
  resolution: "lightningcss-win32-x64-msvc@npm:1.30.2"
  conditions: os=win32 & cpu=x64
  languageName: node
  linkType: hard

"lightningcss@npm:^1.30.2":
  version: 1.30.2
  resolution: "lightningcss@npm:1.30.2"
  dependencies:
    detect-libc: "npm:^2.0.3"
    lightningcss-android-arm64: "npm:1.30.2"
    lightningcss-darwin-arm64: "npm:1.30.2"
    lightningcss-darwin-x64: "npm:1.30.2"
    lightningcss-freebsd-x64: "npm:1.30.2"
    lightningcss-linux-arm-gnueabihf: "npm:1.30.2"
    lightningcss-linux-arm64-gnu: "npm:1.30.2"
    lightningcss-linux-arm64-musl: "npm:1.30.2"
    lightningcss-linux-x64-gnu: "npm:1.30.2"
    lightningcss-linux-x64-musl: "npm:1.30.2"
    lightningcss-win32-arm64-msvc: "npm:1.30.2"
    lightningcss-win32-x64-msvc: "npm:1.30.2"
  dependenciesMeta:
    lightningcss-android-arm64:
      optional: true
    lightningcss-darwin-arm64:
      optional: true
    lightningcss-darwin-x64:
      optional: true
    lightningcss-freebsd-x64:
      optional: true
    lightningcss-linux-arm-gnueabihf:
      optional: true
    lightningcss-linux-arm64-gnu:
      optional: true
    lightningcss-linux-arm64-musl:
      optional: true
    lightningcss-linux-x64-gnu:
      optional: true
    lightningcss-linux-x64-musl:
      optional: true
    lightningcss-win32-arm64-msvc:
      optional: true
    lightningcss-win32-x64-msvc:
      optional: true
  checksum: 10c0/5c0c73a33946dab65908d5cd1325df4efa290efb77f940b60f40448b5ab9a87d3ea665ef9bcf00df4209705050ecf2f7ecc649f44d6dfa5905bb50f15717e78d
  languageName: node
  linkType: hard

"node-gyp@npm:^11.5.0, node-gyp@npm:latest":
