"@sanity/astro@npm:^3.2.10":
  version: 3.2.10
  resolution: "@sanity/astro@npm:3.2.10"
  dependencies:
    "@sanity/visual-editing": "npm:^2.15.2"
    history: "npm:^5.3.0"
  peerDependencies:
    "@sanity/client": ^7.6.0
    astro: ^2.0.0 || ^3.0.0 || ^4.0.0 || ^5.0.0
    react: ^18.2.0 || ^19.0.0
    react-dom: ^18.2.0 || ^19.0.0
    react-is: ^18.2.0 || ^19.0.0
    sanity: ^3.99.0 || ^4.0.0
    styled-components: ^6.1.19
  checksum: 10c0/b0b82f01dfcf8a17c5e82463154cd0ab45593990ea038a286903652424011dc29238767050bed43f496b6718cd49f4658ceadf18d6ba48ec00df88342abddfa0
  languageName: node
  linkType: hard

"@sanity/comlink@npm:^4.0.0":
  version: 4.0.0
  resolution: "@sanity/comlink@npm:4.0.0"
  dependencies:
    rxjs: "npm:^7.8.2"
    uuid: "npm:^11.1.0"
    xstate: "npm:^5.23.0"
  checksum: 10c0/5cd72450dd5460f917964a62d9f4fc2c3369a085427c2a4b835437be6aba0aba20a486b5024da3969116378d70b9d8fefb89d2a899e9c880b695298360b30e3b
  languageName: node
  linkType: hard

"@sanity/insert-menu@npm:^2.1.0":
  version: 2.1.0
  resolution: "@sanity/insert-menu@npm:2.1.0"
  dependencies:
    "@sanity/icons": "npm:^3.7.4"
    "@sanity/ui": "npm:^3.1.6"
    lodash: "npm:^4.17.21"
    react-compiler-runtime: "npm:1.0.0"
  peerDependencies:
    "@sanity/types": "*"
    react: ^18.3 || ^19
    react-dom: ^18.3 || ^19
    react-is: ^18.3 || ^19
  checksum: 10c0/33fb7b969b026d46633e5b7caf97f8fd6490152d69d34c72c9f6ec053e2a6a9bc9234af5b072dfca583bd8b2b5297258330e5f7a641e7c191671a67a9111b8bb
  languageName: node
  linkType: hard

"@sanity/presentation-comlink@npm:^2.0.0":
  version: 2.0.0
  resolution: "@sanity/presentation-comlink@npm:2.0.0"
  dependencies:
    "@sanity/comlink": "npm:^4.0.0"
    "@sanity/visual-editing-types": "npm:^1.1.8"
  checksum: 10c0/d010b778da5596cb2f5be7e9d345657257b688154f9bcf63015f9ad13cba55ff677f92dd5095efb1ed1bd3c7107bf6c327adc46028cd0b622a3c2c07ef90c3b9
  languageName: node
  linkType: hard

"@sanity/preview-url-secret@npm:^1.6.21":
  version: 1.6.21
  resolution: "@sanity/preview-url-secret@npm:1.6.21"
  dependencies:
    "@sanity/uuid": "npm:3.0.2"
  peerDependencies:
    "@sanity/client": ^6.21.3
  checksum: 10c0/66d260e8b7916c09b85b97af2cc096b570207d4808d66f4e3e7c4a110bb11b67003de479f0da931f0d6b7b2561a79b181ace2f59e29c5a18bf3850fc64b6fa4c
  languageName: node
  linkType: hard

"@sanity/preview-url-secret@npm:^2.1.11, @sanity/preview-url-secret@npm:^2.1.14, @sanity/preview-url-secret@npm:^2.1.15":
"@sanity/ui@npm:^3.1.10, @sanity/ui@npm:^3.1.6":
  version: 3.1.11
  resolution: "@sanity/ui@npm:3.1.11"
  dependencies:
    "@floating-ui/react-dom": "npm:^2.1.6"
    "@juggle/resize-observer": "npm:^3.4.0"
    "@sanity/color": "npm:^3.0.6"
    "@sanity/icons": "npm:^3.7.4"
    csstype: "npm:^3.1.3"
    motion: "npm:^12.23.24"
    react-compiler-runtime: "npm:1.0.0"
    react-refractor: "npm:^4.0.0"
    use-effect-event: "npm:^2.0.3"
  peerDependencies:
    react: ^18 || >=19.0.0-0
    react-dom: ^18 || >=19.0.0-0
    react-is: ^18 || >=19.0.0-0
    styled-components: ^5.2 || ^6
  checksum: 10c0/a7c65c56552e89ade90aa0e987cbb02a97345dfa520a7e13fa7c1ff77c2a90cd0ae5b0480ef3d47f750525aa799288ba4eb9406fe997c6f9d39d11a1c485c2d3
  languageName: node
  linkType: hard

"@sanity/visual-editing-csm@npm:^2.0.21, @sanity/visual-editing-csm@npm:^2.0.26":
"@sanity/visual-editing@npm:^2.1.9, @sanity/visual-editing@npm:^2.15.2":
"@sanity/visual-editing@npm:^4.0.0":
  version: 4.0.0
  resolution: "@sanity/visual-editing@npm:4.0.0"
  dependencies:
    "@sanity/comlink": "npm:^4.0.0"
    "@sanity/icons": "npm:^3.7.4"
    "@sanity/insert-menu": "npm:^2.1.0"
    "@sanity/mutate": "npm:0.11.0-canary.4"
    "@sanity/presentation-comlink": "npm:^2.0.0"
    "@sanity/preview-url-secret": "npm:^2.1.15"
    "@sanity/ui": "npm:^3.1.10"
    "@sanity/visual-editing-csm": "npm:^2.0.26"
    "@vercel/stega": "npm:0.1.2"
    get-random-values-esm: "npm:^1.0.2"
    react-compiler-runtime: "npm:1.0.0"
    rxjs: "npm:^7.8.2"
    scroll-into-view-if-needed: "npm:^3.1.0"
    use-effect-event: "npm:^2.0.3"
    xstate: "npm:^5.21.0"
  peerDependencies:
    "@remix-run/react": ">= 2"
    "@sanity/client": ^7.12.0
    "@sveltejs/kit": ">= 2"
    next: ">= 13 || >=14.3.0-canary.0 <14.3.0 || >=15.0.0-rc || >=16.0.0-0"
    react: ^18.3 || ^19
    react-dom: ^18.3 || ^19
    react-is: ^18.3 || ^19
    react-router: ">= 6 || >= 7"
    styled-components: ^6.1.19
    svelte: ">= 4"
  peerDependenciesMeta:
    "@remix-run/react":
      optional: true
    "@sanity/client":
      optional: true
    "@sveltejs/kit":
      optional: true
    next:
      optional: true
    react-router:
      optional: true
    svelte:
      optional: true
  checksum: 10c0/2a581706bb46a2dc86fb9cea560bb5b76bc1c5ff370158b031d08d4e60e50940c3f88fcb643d9364d3552e305d6fe2a62d5f38680bfefcce956302fc2c0edc26
  languageName: node
  linkType: hard

"@types/prismjs@npm:^1.0.0":
  version: 1.26.5
  resolution: "@types/prismjs@npm:1.26.5"
  checksum: 10c0/5619cb449e0d8df098c8759d6f47bf8fdd510abf5dbdfa999e55c6a2545efbd1e209cc85a33d8d9f4ff2898089a1a6d9a70737c9baffaae635c46852c40d384a
  languageName: node
  linkType: hard

"character-reference-invalid@npm:^2.0.0":
  version: 2.0.1
  resolution: "character-reference-invalid@npm:2.0.1"
  checksum: 10c0/2ae0dec770cd8659d7e8b0ce24392d83b4c2f0eb4a3395c955dce5528edd4cc030a794cfa06600fcdd700b3f2de2f9b8e40e309c0011c4180e3be64a0b42e6a1
  languageName: node
  linkType: hard

    "@sanity/astro": "npm:^3.2.10"
    "@sanity/preview-url-secret": "npm:^1.6.21"
    "@sanity/visual-editing": "npm:^4.0.0"
"is-alphabetical@npm:^2.0.0":
  version: 2.0.1
  resolution: "is-alphabetical@npm:2.0.1"
  checksum: 10c0/932367456f17237533fd1fc9fe179df77957271020b83ea31da50e5cc472d35ef6b5fb8147453274ffd251134472ce24eb6f8d8398d96dee98237cdb81a6c9a7
  languageName: node
  linkType: hard

"is-alphanumerical@npm:^2.0.0":
  version: 2.0.1
  resolution: "is-alphanumerical@npm:2.0.1"
  dependencies:
    is-alphabetical: "npm:^2.0.0"
    is-decimal: "npm:^2.0.0"
  checksum: 10c0/4b35c42b18e40d41378293f82a3ecd9de77049b476f748db5697c297f686e1e05b072a6aaae2d16f54d2a57f85b00cbbe755c75f6d583d1c77d6657bd0feb5a2
  languageName: node
  linkType: hard

"is-decimal@npm:^2.0.0":
  version: 2.0.1
  resolution: "is-decimal@npm:2.0.1"
  checksum: 10c0/8085dd66f7d82f9de818fba48b9e9c0429cb4291824e6c5f2622e96b9680b54a07a624cfc663b24148b8e853c62a1c987cfe8b0b5a13f5156991afaf6736e334
  languageName: node
  linkType: hard

"is-hexadecimal@npm:^2.0.0":
  version: 2.0.1
  resolution: "is-hexadecimal@npm:2.0.1"
  checksum: 10c0/3eb60fe2f1e2bbc760b927dcad4d51eaa0c60138cf7fc671803f66353ad90c301605b502c7ea4c6bb0548e1c7e79dfd37b73b632652e3b76030bba603a7e9626
  languageName: node
  linkType: hard

"parse-entities@npm:^4.0.0":
  version: 4.0.2
  resolution: "parse-entities@npm:4.0.2"
  dependencies:
    "@types/unist": "npm:^2.0.0"
    character-entities-legacy: "npm:^3.0.0"
    character-reference-invalid: "npm:^2.0.0"
    decode-named-character-reference: "npm:^1.0.0"
    is-alphanumerical: "npm:^2.0.0"
    is-decimal: "npm:^2.0.0"
    is-hexadecimal: "npm:^2.0.0"
  checksum: 10c0/a13906b1151750b78ed83d386294066daf5fb559e08c5af9591b2d98cc209123103016a01df776f65f8219ad26652d6d6b210d0974d452049cddfc53a8916c34
  languageName: node
  linkType: hard

"react-refractor@npm:^4.0.0":
  version: 4.0.0
  resolution: "react-refractor@npm:4.0.0"
  dependencies:
    refractor: "npm:^5.0.0"
    unist-util-filter: "npm:^5.0.1"
    unist-util-visit-parents: "npm:^6.0.1"
  peerDependencies:
    react: ">=18.0.0"
  checksum: 10c0/8ad22ce5942930b73f3c197753e545b25d9267d93e057859bd154f400dd067ff156275efb1d2cc00e77bb32d460ad5f665a35d6925743704d286826d76cb1639
  languageName: node
  linkType: hard

"refractor@npm:^5.0.0":
  version: 5.0.0
  resolution: "refractor@npm:5.0.0"
  dependencies:
    "@types/hast": "npm:^3.0.0"
    "@types/prismjs": "npm:^1.0.0"
    hastscript: "npm:^9.0.0"
    parse-entities: "npm:^4.0.0"
  checksum: 10c0/7b69a3b525f88de4adae3467f30ff7e80513fa53e65d85656f169ded16e314f471dfa936ccc545ae604e178ee7a108cbd94e6144a5bd541ed8d20626cc75e7b8
  languageName: node
  linkType: hard

"unist-util-filter@npm:^5.0.1":
  version: 5.0.1
  resolution: "unist-util-filter@npm:5.0.1"
  dependencies:
    "@types/unist": "npm:^3.0.0"
    unist-util-is: "npm:^6.0.0"
    unist-util-visit-parents: "npm:^6.0.0"
  checksum: 10c0/57e523811d4c01c41fc4338a220ee28d27eee2d824ef9230963d5541f30b883a5a5a1623a9dfc4327196cf6253c5f74b3cff361d2531d8e9386f00d549994436
  languageName: node
  linkType: hard

"xstate@npm:^5.20.0, xstate@npm:^5.20.1, xstate@npm:^5.21.0, xstate@npm:^5.23.0":
